
Microsoft Visual Studio Solution File, Format Version 12.00
# Visual Studio Version 17
VisualStudioVersion = 17.13.35919.96
MinimumVisualStudioVersion = 10.0.40219.1
Project("{FAE04EC0-301F-11D3-BF4B-00C04F79EFBC}") = "CalculatorTests", "Calculator\CalculatorTests.csproj", "{13A7B183-1F0E-4B0F-BC5E-0009319DD578}"
	ProjectSection(ProjectDependencies) = postProject
		{4A9053C6-0C37-4F58-BB59-78CA2BCB219A} = {4A9053C6-0C37-4F58-BB59-78CA2BCB219A}
	EndProjectSection
EndProject
Project("{FAE04EC0-301F-11D3-BF4B-00C04F79EFBC}") = "Calculator", "CalculatorTests\Calculator.csproj", "{4A9053C6-0C37-4F58-BB59-78CA2BCB219A}"
EndProject
Global
	GlobalSection(SolutionConfigurationPlatforms) = preSolution
		Debug|Any CPU = Debug|Any CPU
		Release|Any CPU = Release|Any CPU
	EndGlobalSection
	GlobalSection(ProjectConfigurationPlatforms) = postSolution
		{13A7B183-1F0E-4B0F-BC5E-0009319DD578}.Debug|Any CPU.ActiveCfg = Debug|Any CPU
		{13A7B183-1F0E-4B0F-BC5E-0009319DD578}.Debug|Any CPU.Build.0 = Debug|Any CPU
		{13A7B183-1F0E-4B0F-BC5E-0009319DD578}.Release|Any CPU.ActiveCfg = Release|Any CPU
		{13A7B183-1F0E-4B0F-BC5E-0009319DD578}.Release|Any CPU.Build.0 = Release|Any CPU
		{4A9053C6-0C37-4F58-BB59-78CA2BCB219A}.Debug|Any CPU.ActiveCfg = Debug|Any CPU
		{4A9053C6-0C37-4F58-BB59-78CA2BCB219A}.Debug|Any CPU.Build.0 = Debug|Any CPU
		{4A9053C6-0C37-4F58-BB59-78CA2BCB219A}.Release|Any CPU.ActiveCfg = Release|Any CPU
		{4A9053C6-0C37-4F58-BB59-78CA2BCB219A}.Release|Any CPU.Build.0 = Release|Any CPU
	EndGlobalSection
	GlobalSection(SolutionProperties) = preSolution
		HideSolutionNode = FALSE
	EndGlobalSection
	GlobalSection(ExtensibilityGlobals) = postSolution
		SolutionGuid = {E6694073-C924-4DDD-A1FC-E8D0AC1E42A1}
	EndGlobalSection
EndGlobal
